
Microsoft Visual Studio Solution File, Format Version 12.00
# Visual Studio 15
VisualStudioVersion = 15.0.26403.7
MinimumVisualStudioVersion = 10.0.40219.1
Project("{FAE04EC0-301F-11D3-BF4B-00C04F79EFBC}") = "eWAY.Rapid", "eWAY.Rapid\eWAY.Rapid.csproj", "{D848FF44-BA0A-4964-A92A-FDBE9703E852}"
EndProject
Project("{FAE04EC0-301F-11D3-BF4B-00C04F79EFBC}") = "eWAY.Rapid.Tests", "eWAY.Rapid.Tests\eWAY.Rapid.Tests.csproj", "{48E477F9-49CC-42C7-882E-4F798E438669}"
EndProject
Global
	GlobalSection(SolutionConfigurationPlatforms) = preSolution
		Debug|Any CPU = Debug|Any CPU
		Release|Any CPU = Release|Any CPU
	EndGlobalSection
	GlobalSection(ProjectConfigurationPlatforms) = postSolution
		{D848FF44-BA0A-4964-A92A-FDBE9703E852}.Debug|Any CPU.ActiveCfg = Debug|Any CPU
		{D848FF44-BA0A-4964-A92A-FDBE9703E852}.Debug|Any CPU.Build.0 = Debug|Any CPU
		{D848FF44-BA0A-4964-A92A-FDBE9703E852}.Release|Any CPU.ActiveCfg = Release|Any CPU
		{D848FF44-BA0A-4964-A92A-FDBE9703E852}.Release|Any CPU.Build.0 = Release|Any CPU
		{48E477F9-49CC-42C7-882E-4F798E438669}.Debug|Any CPU.ActiveCfg = Debug|Any CPU
		{48E477F9-49CC-42C7-882E-4F798E438669}.Debug|Any CPU.Build.0 = Debug|Any CPU
		{48E477F9-49CC-42C7-882E-4F798E438669}.Release|Any CPU.ActiveCfg = Release|Any CPU
		{48E477F9-49CC-42C7-882E-4F798E438669}.Release|Any CPU.Build.0 = Release|Any CPU
	EndGlobalSection
	GlobalSection(SolutionProperties) = preSolution
		HideSolutionNode = FALSE
	EndGlobalSection
EndGlobal
